// !$*UTF8*$!
{
	archiveVersion = 1;
	classes = {
	};
	objectVersion = 77;
	objects = {

/* Begin PBXBuildFile section */
		A4CC74422F4E1026008F753E /* Yams in Frameworks */ = {isa = PBXBuildFile; productRef = A4CC74412F4E1026008F753E /* Yams */; };
/* End PBXBuildFile section */

/* Begin PBXContainerItemProxy section */
		A4CC74242F4E0D52008F753E /* PBXContainerItemProxy */ = {
			isa = PBXContainerItemProxy;
			containerPortal = A4CC740E2F4E0D51008F753E /* Project object */;
			proxyType = 1;
			remoteGlobalIDString = A4CC74152F4E0D51008F753E;
			remoteInfo = "Skill-MT";
		};
		A4CC742E2F4E0D52008F753E /* PBXContainerItemProxy */ = {
			isa = PBXContainerItemProxy;
			containerPortal = A4CC740E2F4E0D51008F753E /* Project object */;
			proxyType = 1;
			remoteGlobalIDString = A4CC74152F4E0D51008F753E;
			remoteInfo = "Skill-MT";
		};
/* End PBXContainerItemProxy section */

/* Begin PBXFileReference section */
		A4CC74162F4E0D51008F753E /* Skill-MT.app */ = {isa = PBXFileReference; explicitFileType = wrapper.application; includeInIndex = 0; path = "Skill-MT.app"; sourceTree = BUILT_PRODUCTS_DIR; };
		A4CC74232F4E0D52008F753E /* Skill-MTTests.xctest */ = {isa = PBXFileReference; explicitFileType = wrapper.cfbundle; includeInIndex = 0; path = "Skill-MTTests.xctest"; sourceTree = BUILT_PRODUCTS_DIR; };
		A4CC742D2F4E0D52008F753E /* Skill-MTUITests.xctest */ = {isa = PBXFileReference; explicitFileType = wrapper.cfbundle; includeInIndex = 0; path = "Skill-MTUITests.xctest"; sourceTree = BUILT_PRODUCTS_DIR; };
/* End PBXFileReference section */

/* Begin PBXFileSystemSynchronizedBuildFileExceptionSet section */
		A4CC74F42F4E3FEF008F753E /* Exceptions for "Skill-MT" folder in "Skill-MT" target */ = {
			isa = PBXFileSystemSynchronizedBuildFileExceptionSet;
			membershipExceptions = (
				Info.plist,
			);
			target = A4CC74152F4E0D51008F753E /* Skill-MT */;
		};
/* End PBXFileSystemSynchronizedBuildFileExceptionSet section */

/* Begin PBXFileSystemSynchronizedRootGroup section */
		A4CC74182F4E0D51008F753E /* Skill-MT */ = {
			isa = PBXFileSystemSynchronizedRootGroup;
			exceptions = (
				A4CC74F42F4E3FEF008F753E /* Exceptions for "Skill-MT" folder in "Skill-MT" target */,
			);
			path = "Skill-MT";
			sourceTree = "<group>";
		};
		A4CC74262F4E0D52008F753E /* Skill-MTTests */ = {
			isa = PBXFileSystemSynchronizedRootGroup;
			path = "Skill-MTTests";
			sourceTree = "<group>";
		};
		A4CC74302F4E0D52008F753E /* Skill-MTUITests */ = {
			isa = PBXFileSystemSynchronizedRootGroup;
			path = "Skill-MTUITests";
			sourceTree = "<group>";
		};
/* End PBXFileSystemSynchronizedRootGroup section */

/* Begin PBXFrameworksBuildPhase section */
		A4CC74132F4E0D51008F753E /* Frameworks */ = {
			isa = PBXFrameworksBuildPhase;
			buildActionMask = 2147483647;
			files = (
				A4CC74422F4E1026008F753E /* Yams in Frameworks */,
			);
			runOnlyForDeploymentPostprocessing = 0;
		};
		A4CC74202F4E0D52008F753E /* Frameworks */ = {
			isa = PBXFrameworksBuildPhase;
			buildActionMask = 2147483647;
			files = (
			);
			runOnlyForDeploymentPostprocessing = 0;
		};
		A4CC742A2F4E0D52008F753E /* Frameworks */ = {
			isa = PBXFrameworksBuildPhase;
			buildActionMask = 2147483647;
			files = (
			);
			runOnlyForDeploymentPostprocessing = 0;
		};
/* End PBXFrameworksBuildPhase section */

/* Begin PBXGroup section */
		A4CC740D2F4E0D51008F753E = {
			isa = PBXGroup;
			children = (
				A4CC74182F4E0D51008F753E /* Skill-MT */,
				A4CC74262F4E0D52008F753E /* Skill-MTTests */,
				A4CC74302F4E0D52008F753E /* Skill-MTUITests */,
				A4CC74172F4E0D51008F753E /* Products */,
			);
			sourceTree = "<group>";
		};
		A4CC74172F4E0D51008F753E /* Products */ = {
			isa = PBXGroup;
			children = (
				A4CC74162F4E0D51008F753E /* Skill-MT.app */,
				A4CC74232F4E0D52008F753E /* Skill-MTTests.xctest */,
				A4CC742D2F4E0D52008F753E /* Skill-MTUITests.xctest */,
			);
			name = Products;
			sourceTree = "<group>";
		};
/* End PBXGroup section */

/* Begin PBXNativeTarget section */
		A4CC74152F4E0D51008F753E /* Skill-MT */ = {
			isa = PBXNativeTarget;
			buildConfigurationList = A4CC74372F4E0D52008F753E /* Build configuration list for PBXNativeTarget "Skill-MT" */;
			buildPhases = (
				A4CC74122F4E0D51008F753E /* Sources */,
				A4CC74132F4E0D51008F753E /* Frameworks */,
				A4CC74142F4E0D51008F753E /* Resources */,
			);
			buildRules = (
			);
			dependencies = (
			);
			fileSystemSynchronizedGroups = (
				A4CC74182F4E0D51008F753E /* Skill-MT */,
			);
			name = "Skill-MT";
			packageProductDependencies = (
				A4CC74412F4E1026008F753E /* Yams */,
			);
			productName = "Skill-MT";
			productReference = A4CC74162F4E0D51008F753E /* Skill-MT.app */;
			productType = "com.apple.product-type.application";
		};
		A4CC74222F4E0D52008F753E /* Skill-MTTests */ = {
			isa = PBXNativeTarget;
			buildConfigurationList = A4CC743A2F4E0D52008F753E /* Build configuration list for PBXNativeTarget "Skill-MTTests" */;
			buildPhases = (
				A4CC741F2F4E0D52008F753E /* Sources */,
				A4CC74202F4E0D52008F753E /* Frameworks */,
				A4CC74212F4E0D52008F753E /* Resources */,
			);
			buildRules = (
			);
			dependencies = (
				A4CC74252F4E0D52008F753E /* PBXTargetDependency */,
			);
			fileSystemSynchronizedGroups = (
				A4CC74262F4E0D52008F753E /* Skill-MTTests */,
			);
			name = "Skill-MTTests";
			packageProductDependencies = (
			);
			productName = "Skill-MTTests";
			productReference = A4CC74232F4E0D52008F753E /* Skill-MTTests.xctest */;
			productType = "com.apple.product-type.bundle.unit-test";
		};
		A4CC742C2F4E0D52008F753E /* Skill-MTUITests */ = {
			isa = PBXNativeTarget;
			buildConfigurationList = A4CC743D2F4E0D52008F753E /* Build configuration list for PBXNativeTarget "Skill-MTUITests" */;
			buildPhases = (
				A4CC74292F4E0D52008F753E /* Sources */,
				A4CC742A2F4E0D52008F753E /* Frameworks */,
				A4CC742B2F4E0D52008F753E /* Resources */,
			);
			buildRules = (
			);
			dependencies = (
				A4CC742F2F4E0D52008F753E /* PBXTargetDependency */,
			);
			fileSystemSynchronizedGroups = (
				A4CC74302F4E0D52008F753E /* Skill-MTUITests */,
			);
			name = "Skill-MTUITests";
			packageProductDependencies = (
			);
			productName = "Skill-MTUITests";
			productReference = A4CC742D2F4E0D52008F753E /* Skill-MTUITests.xctest */;
			productType = "com.apple.product-type.bundle.ui-testing";
		};
/* End PBXNativeTarget section */

/* Begin PBXProject section */
		A4CC740E2F4E0D51008F753E /* Project object */ = {
			isa = PBXProject;
			attributes = {
				BuildIndependentTargetsInParallel = 1;
				LastSwiftUpdateCheck = 2620;
				LastUpgradeCheck = 2620;
				TargetAttributes = {
					A4CC74152F4E0D51008F753E = {
						CreatedOnToolsVersion = 26.2;
					};
					A4CC74222F4E0D52008F753E = {
						CreatedOnToolsVersion = 26.2;
						TestTargetID = A4CC74152F4E0D51008F753E;
					};
					A4CC742C2F4E0D52008F753E = {
						CreatedOnToolsVersion = 26.2;
						TestTargetID = A4CC74152F4E0D51008F753E;
					};
				};
			};
			buildConfigurationList = A4CC74112F4E0D51008F753E /* Build configuration list for PBXProject "Skill-MT" */;
			developmentRegion = en;
			hasScannedForEncodings = 0;
			knownRegions = (
				en,
				Base,
				"zh-Hans",
			);
			mainGroup = A4CC740D2F4E0D51008F753E;
			minimizedProjectReferenceProxies = 1;
			packageReferences = (
				A4CC74402F4E1026008F753E /* XCRemoteSwiftPackageReference "Yams" */,
			);
			preferredProjectObjectVersion = 77;
			productRefGroup = A4CC74172F4E0D51008F753E /* Products */;
			projectDirPath = "";
			projectRoot = "";
			targets = (
				A4CC74152F4E0D51008F753E /* Skill-MT */,
				A4CC74222F4E0D52008F753E /* Skill-MTTests */,
				A4CC742C2F4E0D52008F753E /* Skill-MTUITests */,
			);
		};
/* End PBXProject section */

/* Begin PBXResourcesBuildPhase section */
		A4CC74142F4E0D51008F753E /* Resources */ = {
			isa = PBXResourcesBuildPhase;
			buildActionMask = 2147483647;
			files = (
			);
			runOnlyForDeploymentPostprocessing = 0;
		};
		A4CC74212F4E0D52008F753E /* Resources */ = {
			isa = PBXResourcesBuildPhase;
			buildActionMask = 2147483647;
			files = (
			);
			runOnlyForDeploymentPostprocessing = 0;
		};
		A4CC742B2F4E0D52008F753E /* Resources */ = {
			isa = PBXResourcesBuildPhase;
			buildActionMask = 2147483647;
			files = (
			);
			runOnlyForDeploymentPostprocessing = 0;
		};
/* End PBXResourcesBuildPhase section */

/* Begin PBXSourcesBuildPhase section */
		A4CC74122F4E0D51008F753E /* Sources */ = {
			isa = PBXSourcesBuildPhase;
			buildActionMask = 2147483647;
			files = (
			);
			runOnlyForDeploymentPostprocessing = 0;
		};
		A4CC741F2F4E0D52008F753E /* Sources */ = {
			isa = PBXSourcesBuildPhase;
			buildActionMask = 2147483647;
			files = (
			);
			runOnlyForDeploymentPostprocessing = 0;
		};
		A4CC74292F4E0D52008F753E /* Sources */ = {
			isa = PBXSourcesBuildPhase;
			buildActionMask = 2147483647;
			files = (
			);
			runOnlyForDeploymentPostprocessing = 0;
		};
/* End PBXSourcesBuildPhase section */

/* Begin PBXTargetDependency section */
		A4CC74252F4E0D52008F753E /* PBXTargetDependency */ = {
			isa = PBXTargetDependency;
			target = A4CC74152F4E0D51008F753E /* Skill-MT */;
			targetProxy = A4CC74242F4E0D52008F753E /* PBXContainerItemProxy */;
		};
		A4CC742F2F4E0D52008F753E /* PBXTargetDependency */ = {
			isa = PBXTargetDependency;
			target = A4CC74152F4E0D51008F753E /* Skill-MT */;
			targetProxy = A4CC742E2F4E0D52008F753E /* PBXContainerItemProxy */;
		};
/* End PBXTargetDependency section */

/* Begin XCBuildConfiguration section */
		A4CC74352F4E0D52008F753E /* Debug */ = {
			isa = XCBuildConfiguration;
			buildSettings = {
				ALWAYS_SEARCH_USER_PATHS = NO;
				ASSETCATALOG_COMPILER_GENERATE_SWIFT_ASSET_SYMBOL_EXTENSIONS = YES;
				CLANG_ANALYZER_NONNULL = YES;
				CLANG_ANALYZER_NUMBER_OBJECT_CONVERSION = YES_AGGRESSIVE;
				CLANG_CXX_LANGUAGE_STANDARD = "gnu++20";
				CLANG_ENABLE_MODULES = YES;
				CLANG_ENABLE_OBJC_ARC = YES;
				CLANG_ENABLE_OBJC_WEAK = YES;
				CLANG_WARN_BLOCK_CAPTURE_AUTORELEASING = YES;
				CLANG_WARN_BOOL_CONVERSION = YES;
				CLANG_WARN_COMMA = YES;
				CLANG_WARN_CONSTANT_CONVERSION = YES;
				CLANG_WARN_DEPRECATED_OBJC_IMPLEMENTATIONS = YES;
				CLANG_WARN_DIRECT_OBJC_ISA_USAGE = YES_ERROR;
				CLANG_WARN_DOCUMENTATION_COMMENTS = YES;
				CLANG_WARN_EMPTY_BODY = YES;
				CLANG_WARN_ENUM_CONVERSION = YES;
				CLANG_WARN_INFINITE_RECURSION = YES;
				CLANG_WARN_INT_CONVERSION = YES;
				CLANG_WARN_NON_LITERAL_NULL_CONVERSION = YES;
				CLANG_WARN_OBJC_IMPLICIT_RETAIN_SELF = YES;
				CLANG_WARN_OBJC_LITERAL_CONVERSION = YES;
				CLANG_WARN_OBJC_ROOT_CLASS = YES_ERROR;
				CLANG_WARN_QUOTED_INCLUDE_IN_FRAMEWORK_HEADER = YES;
				CLANG_WARN_RANGE_LOOP_ANALYSIS = YES;
				CLANG_WARN_STRICT_PROTOTYPES = YES;
				CLANG_WARN_SUSPICIOUS_MOVE = YES;
				CLANG_WARN_UNGUARDED_AVAILABILITY = YES_AGGRESSIVE;
				CLANG_WARN_UNREACHABLE_CODE = YES;
				CLANG_WARN__DUPLICATE_METHOD_MATCH = YES;
				COPY_PHASE_STRIP = NO;
				DEBUG_INFORMATION_FORMAT = dwarf;
				ENABLE_STRICT_OBJC_MSGSEND = YES;
				ENABLE_TESTABILITY = YES;
				ENABLE_USER_SCRIPT_SANDBOXING = YES;
				GCC_C_LANGUAGE_STANDARD = gnu17;
				GCC_DYNAMIC_NO_PIC = NO;
				GCC_NO_COMMON_BLOCKS = YES;
				GCC_OPTIMIZATION_LEVEL = 0;
				GCC_PREPROCESSOR_DEFINITIONS = (
					"DEBUG=1",
					"$(inherited)",
				);
				GCC_WARN_64_TO_32_BIT_CONVERSION = YES;
				GCC_WARN_ABOUT_RETURN_TYPE = YES_ERROR;
				GCC_WARN_UNDECLARED_SELECTOR = YES;
				GCC_WARN_UNINITIALIZED_AUTOS = YES_AGGRESSIVE;
				GCC_WARN_UNUSED_FUNCTION = YES;
				GCC_WARN_UNUSED_VARIABLE = YES;
				LOCALIZATION_PREFERS_STRING_CATALOGS = YES;
				MACOSX_DEPLOYMENT_TARGET = 26.2;
				MTL_ENABLE_DEBUG_INFO = INCLUDE_SOURCE;
				MTL_FAST_MATH = YES;
				ONLY_ACTIVE_ARCH = YES;
				SDKROOT = macosx;
				SWIFT_ACTIVE_COMPILATION_CONDITIONS = "DEBUG $(inherited)";
				SWIFT_OPTIMIZATION_LEVEL = "-Onone";
			};
			name = Debug;
		};
		A4CC74362F4E0D52008F753E /* Release */ = {
			isa = XCBuildConfiguration;
			buildSettings = {
				ALWAYS_SEARCH_USER_PATHS = NO;
				ASSETCATALOG_COMPILER_GENERATE_SWIFT_ASSET_SYMBOL_EXTENSIONS = YES;
				CLANG_ANALYZER_NONNULL = YES;
				CLANG_ANALYZER_NUMBER_OBJECT_CONVERSION = YES_AGGRESSIVE;
				CLANG_CXX_LANGUAGE_STANDARD = "gnu++20";
				CLANG_ENABLE_MODULES = YES;
				CLANG_ENABLE_OBJC_ARC = YES;
				CLANG_ENABLE_OBJC_WEAK = YES;
				CLANG_WARN_BLOCK_CAPTURE_AUTORELEASING = YES;
				CLANG_WARN_BOOL_CONVERSION = YES;
				CLANG_WARN_COMMA = YES;
				CLANG_WARN_CONSTANT_CONVERSION = YES;
				CLANG_WARN_DEPRECATED_OBJC_IMPLEMENTATIONS = YES;
				CLANG_WARN_DIRECT_OBJC_ISA_USAGE = YES_ERROR;
				CLANG_WARN_DOCUMENTATION_COMMENTS = YES;
				CLANG_WARN_EMPTY_BODY = YES;
				CLANG_WARN_ENUM_CONVERSION = YES;
				CLANG_WARN_INFINITE_RECURSION = YES;
				CLANG_WARN_INT_CONVERSION = YES;
				CLANG_WARN_NON_LITERAL_NULL_CONVERSION = YES;
				CLANG_WARN_OBJC_IMPLICIT_RETAIN_SELF = YES;
				CLANG_WARN_OBJC_LITERAL_CONVERSION = YES;
				CLANG_WARN_OBJC_ROOT_CLASS = YES_ERROR;
				CLANG_WARN_QUOTED_INCLUDE_IN_FRAMEWORK_HEADER = YES;
				CLANG_WARN_RANGE_LOOP_ANALYSIS = YES;
				CLANG_WARN_STRICT_PROTOTYPES = YES;
				CLANG_WARN_SUSPICIOUS_MOVE = YES;
				CLANG_WARN_UNGUARDED_AVAILABILITY = YES_AGGRESSIVE;
				CLANG_WARN_UNREACHABLE_CODE = YES;
				CLANG_WARN__DUPLICATE_METHOD_MATCH = YES;
				COPY_PHASE_STRIP = NO;
				DEBUG_INFORMATION_FORMAT = "dwarf-with-dsym";
				ENABLE_NS_ASSERTIONS = NO;
				ENABLE_STRICT_OBJC_MSGSEND = YES;
				ENABLE_USER_SCRIPT_SANDBOXING = YES;
				GCC_C_LANGUAGE_STANDARD = gnu17;
				GCC_NO_COMMON_BLOCKS = YES;
				GCC_WARN_64_TO_32_BIT_CONVERSION = YES;
				GCC_WARN_ABOUT_RETURN_TYPE = YES_ERROR;
				GCC_WARN_UNDECLARED_SELECTOR = YES;
				GCC_WARN_UNINITIALIZED_AUTOS = YES_AGGRESSIVE;
				GCC_WARN_UNUSED_FUNCTION = YES;
				GCC_WARN_UNUSED_VARIABLE = YES;
				LOCALIZATION_PREFERS_STRING_CATALOGS = YES;
				MACOSX_DEPLOYMENT_TARGET = 26.2;
				MTL_ENABLE_DEBUG_INFO = NO;
				MTL_FAST_MATH = YES;
				SDKROOT = macosx;
				SWIFT_COMPILATION_MODE = wholemodule;
			};
			name = Release;
		};
		A4CC74382F4E0D52008F753E /* Debug */ = {
			isa = XCBuildConfiguration;
			buildSettings = {
				ASSETCATALOG_COMPILER_APPICON_NAME = AppIcon;
				ASSETCATALOG_COMPILER_GLOBAL_ACCENT_COLOR_NAME = AccentColor;
				CODE_SIGN_STYLE = Automatic;
				COMBINE_HIDPI_IMAGES = YES;
				CURRENT_PROJECT_VERSION = 1;
				ENABLE_APP_SANDBOX = NO;
				ENABLE_PREVIEWS = YES;
				GENERATE_INFOPLIST_FILE = YES;
				INFOPLIST_FILE = "Skill-MT/Info.plist";
				INFOPLIST_KEY_NSHumanReadableCopyright = "";
				LD_RUNPATH_SEARCH_PATHS = (
					"$(inherited)",
					"@executable_path/../Frameworks",
				);
				MARKETING_VERSION = 1.0;
				PRODUCT_BUNDLE_IDENTIFIER = "-11.Skill-MT";
				PRODUCT_NAME = "$(TARGET_NAME)";
				REGISTER_APP_GROUPS = YES;
				STRING_CATALOG_GENERATE_SYMBOLS = YES;
				SWIFT_APPROACHABLE_CONCURRENCY = YES;
				SWIFT_DEFAULT_ACTOR_ISOLATION = MainActor;
				SWIFT_EMIT_LOC_STRINGS = YES;
				SWIFT_UPCOMING_FEATURE_MEMBER_IMPORT_VISIBILITY = YES;
				SWIFT_VERSION = 5.0;
			};
			name = Debug;
		};
		A4CC74392F4E0D52008F753E /* Release */ = {
			isa = XCBuildConfiguration;
			buildSettings = {
				ASSETCATALOG_COMPILER_APPICON_NAME = AppIcon;
				ASSETCATALOG_COMPILER_GLOBAL_ACCENT_COLOR_NAME = AccentColor;
				CODE_SIGN_STYLE = Automatic;
				COMBINE_HIDPI_IMAGES = YES;
				CURRENT_PROJECT_VERSION = 1;
				ENABLE_APP_SANDBOX = NO;
				ENABLE_PREVIEWS = YES;
				GENERATE_INFOPLIST_FILE = YES;
				INFOPLIST_FILE = "Skill-MT/Info.plist";
				INFOPLIST_KEY_NSHumanReadableCopyright = "";
				LD_RUNPATH_SEARCH_PATHS = (
					"$(inherited)",
					"@executable_path/../Frameworks",
				);
				MARKETING_VERSION = 1.0;
				PRODUCT_BUNDLE_IDENTIFIER = "-11.Skill-MT";
				PRODUCT_NAME = "$(TARGET_NAME)";
				REGISTER_APP_GROUPS = YES;
				STRING_CATALOG_GENERATE_SYMBOLS = YES;
				SWIFT_APPROACHABLE_CONCURRENCY = YES;
				SWIFT_DEFAULT_ACTOR_ISOLATION = MainActor;
				SWIFT_EMIT_LOC_STRINGS = YES;
				SWIFT_UPCOMING_FEATURE_MEMBER_IMPORT_VISIBILITY = YES;
				SWIFT_VERSION = 5.0;
			};
			name = Release;
		};
		A4CC743B2F4E0D52008F753E /* Debug */ = {
			isa = XCBuildConfiguration;
			buildSettings = {
				BUNDLE_LOADER = "$(TEST_HOST)";
				CODE_SIGN_STYLE = Automatic;
				CURRENT_PROJECT_VERSION = 1;
				GENERATE_INFOPLIST_FILE = YES;
				MACOSX_DEPLOYMENT_TARGET = 26.2;
				MARKETING_VERSION = 1.0;
				PRODUCT_BUNDLE_IDENTIFIER = "-11.Skill-MTTests";
				PRODUCT_NAME = "$(TARGET_NAME)";
				STRING_CATALOG_GENERATE_SYMBOLS = NO;
				SWIFT_APPROACHABLE_CONCURRENCY = YES;
				SWIFT_EMIT_LOC_STRINGS = NO;
				SWIFT_UPCOMING_FEATURE_MEMBER_IMPORT_VISIBILITY = YES;
				SWIFT_VERSION = 5.0;
				TEST_HOST = "$(BUILT_PRODUCTS_DIR)/Skill-MT.app/$(BUNDLE_EXECUTABLE_FOLDER_PATH)/Skill-MT";
			};
			name = Debug;
		};
		A4CC743C2F4E0D52008F753E /* Release */ = {
			isa = XCBuildConfiguration;
			buildSettings = {
				BUNDLE_LOADER = "$(TEST_HOST)";
				CODE_SIGN_STYLE = Automatic;
				CURRENT_PROJECT_VERSION = 1;
				GENERATE_INFOPLIST_FILE = YES;
				MACOSX_DEPLOYMENT_TARGET = 26.2;
				MARKETING_VERSION = 1.0;
				PRODUCT_BUNDLE_IDENTIFIER = "-11.Skill-MTTests";
				PRODUCT_NAME = "$(TARGET_NAME)";
				STRING_CATALOG_GENERATE_SYMBOLS = NO;
				SWIFT_APPROACHABLE_CONCURRENCY = YES;
				SWIFT_EMIT_LOC_STRINGS = NO;
				SWIFT_UPCOMING_FEATURE_MEMBER_IMPORT_VISIBILITY = YES;
				SWIFT_VERSION = 5.0;
				TEST_HOST = "$(BUILT_PRODUCTS_DIR)/Skill-MT.app/$(BUNDLE_EXECUTABLE_FOLDER_PATH)/Skill-MT";
			};
			name = Release;
		};
		A4CC743E2F4E0D52008F753E /* Debug */ = {
			isa = XCBuildConfiguration;
			buildSettings = {
				CODE_SIGN_STYLE = Automatic;
				CURRENT_PROJECT_VERSION = 1;
				GENERATE_INFOPLIST_FILE = YES;
				MARKETING_VERSION = 1.0;
				PRODUCT_BUNDLE_IDENTIFIER = "-11.Skill-MTUITests";
				PRODUCT_NAME = "$(TARGET_NAME)";
				STRING_CATALOG_GENERATE_SYMBOLS = NO;
				SWIFT_APPROACHABLE_CONCURRENCY = YES;
				SWIFT_EMIT_LOC_STRINGS = NO;
				SWIFT_UPCOMING_FEATURE_MEMBER_IMPORT_VISIBILITY = YES;
				SWIFT_VERSION = 5.0;
				TEST_TARGET_NAME = "Skill-MT";
			};
			name = Debug;
		};
		A4CC743F2F4E0D52008F753E /* Release */ = {
			isa = XCBuildConfiguration;
			buildSettings = {
				CODE_SIGN_STYLE = Automatic;
				CURRENT_PROJECT_VERSION = 1;
				GENERATE_INFOPLIST_FILE = YES;
				MARKETING_VERSION = 1.0;
				PRODUCT_BUNDLE_IDENTIFIER = "-11.Skill-MTUITests";
				PRODUCT_NAME = "$(TARGET_NAME)";
				STRING_CATALOG_GENERATE_SYMBOLS = NO;
				SWIFT_APPROACHABLE_CONCURRENCY = YES;
				SWIFT_EMIT_LOC_STRINGS = NO;
				SWIFT_UPCOMING_FEATURE_MEMBER_IMPORT_VISIBILITY = YES;
				SWIFT_VERSION = 5.0;
				TEST_TARGET_NAME = "Skill-MT";
			};
			name = Release;
		};
/* End XCBuildConfiguration section */

/* Begin XCConfigurationList section */
		A4CC74112F4E0D51008F753E /* Build configuration list for PBXProject "Skill-MT" */ = {
			isa = XCConfigurationList;
			buildConfigurations = (
				A4CC74352F4E0D52008F753E /* Debug */,
				A4CC74362F4E0D52008F753E /* Release */,
			);
			defaultConfigurationIsVisible = 0;
			defaultConfigurationName = Release;
		};
		A4CC74372F4E0D52008F753E /* Build configuration list for PBXNativeTarget "Skill-MT" */ = {
			isa = XCConfigurationList;
			buildConfigurations = (
				A4CC74382F4E0D52008F753E /* Debug */,
				A4CC74392F4E0D52008F753E /* Release */,
			);
			defaultConfigurationIsVisible = 0;
			defaultConfigurationName = Release;
		};
		A4CC743A2F4E0D52008F753E /* Build configuration list for PBXNativeTarget "Skill-MTTests" */ = {
			isa = XCConfigurationList;
			buildConfigurations = (
				A4CC743B2F4E0D52008F753E /* Debug */,
				A4CC743C2F4E0D52008F753E /* Release */,
			);
			defaultConfigurationIsVisible = 0;
			defaultConfigurationName = Release;
		};
		A4CC743D2F4E0D52008F753E /* Build configuration list for PBXNativeTarget "Skill-MTUITests" */ = {
			isa = XCConfigurationList;
			buildConfigurations = (
				A4CC743E2F4E0D52008F753E /* Debug */,
				A4CC743F2F4E0D52008F753E /* Release */,
			);
			defaultConfigurationIsVisible = 0;
			defaultConfigurationName = Release;
		};
/* End XCConfigurationList section */

/* Begin XCRemoteSwiftPackageReference section */
		A4CC74402F4E1026008F753E /* XCRemoteSwiftPackageReference "Yams" */ = {
			isa = XCRemoteSwiftPackageReference;
			repositoryURL = "https://github.com/jpsim/Yams.git";
			requirement = {
				kind = upToNextMajorVersion;
				minimumVersion = 5.0.0;
			};
		};
/* End XCRemoteSwiftPackageReference section */

/* Begin XCSwiftPackageProductDependency section */
		A4CC74412F4E1026008F753E /* Yams */ = {
			isa = XCSwiftPackageProductDependency;
			package = A4CC74402F4E1026008F753E /* XCRemoteSwiftPackageReference "Yams" */;
			productName = Yams;
		};
/* End XCSwiftPackageProductDependency section */
	};
	rootObject = A4CC740E2F4E0D51008F753E /* Project object */;
}
